
Microsoft Visual Studio Solution File, Format Version 12.00
# Visual Studio Version 17
VisualStudioVersion = 17.0.31903.59
MinimumVisualStudioVersion = 10.0.40219.1
Project("{FAE04EC0-301F-11D3-BF4B-00C04F79EFBC}") = "FashionPay.Core", "FashionPay.Core\FashionPay.Core.csproj", "{CEFD9EFB-A96A-4FA7-BD8F-320AC308A139}"
EndProject
Project("{FAE04EC0-301F-11D3-BF4B-00C04F79EFBC}") = "FashionPay.Application", "FashionPay.Application\FashionPay.Application.csproj", "{8905CB5F-931E-40B6-9579-D2570CF12115}"
EndProject
Project("{FAE04EC0-301F-11D3-BF4B-00C04F79EFBC}") = "FashionPay.Infrastructure", "FashionPay.Infrastructure\FashionPay.Infrastructure.csproj", "{2ABD5F29-1F9B-4092-9974-6D7AAB80CADF}"
EndProject
Project("{2150E333-8FDC-42A3-9474-1A3956D46DE8}") = "Elementos de la solución", "Elementos de la solución", "{D107F4C8-89CC-BEA8-D3D7-CA6B7733353D}"
	ProjectSection(SolutionItems) = preProject
		nuget.config = nuget.config
	EndProjectSection
EndProject
Project("{FAE04EC0-301F-11D3-BF4B-00C04F79EFBC}") = "FashionPay.API", "FashionPay.API\FashionPay.API.csproj", "{22DA791F-555C-4FFB-AE76-F56735E9E31C}"
EndProject
Global
	GlobalSection(SolutionConfigurationPlatforms) = preSolution
		Debug|Any CPU = Debug|Any CPU
		Debug|x64 = Debug|x64
		Debug|x86 = Debug|x86
		Release|Any CPU = Release|Any CPU
		Release|x64 = Release|x64
		Release|x86 = Release|x86
	EndGlobalSection
	GlobalSection(ProjectConfigurationPlatforms) = postSolution
		{CEFD9EFB-A96A-4FA7-BD8F-320AC308A139}.Debug|Any CPU.ActiveCfg = Debug|Any CPU
		{CEFD9EFB-A96A-4FA7-BD8F-320AC308A139}.Debug|Any CPU.Build.0 = Debug|Any CPU
		{CEFD9EFB-A96A-4FA7-BD8F-320AC308A139}.Debug|x64.ActiveCfg = Debug|Any CPU
		{CEFD9EFB-A96A-4FA7-BD8F-320AC308A139}.Debug|x64.Build.0 = Debug|Any CPU
		{CEFD9EFB-A96A-4FA7-BD8F-320AC308A139}.Debug|x86.ActiveCfg = Debug|Any CPU
		{CEFD9EFB-A96A-4FA7-BD8F-320AC308A139}.Debug|x86.Build.0 = Debug|Any CPU
		{CEFD9EFB-A96A-4FA7-BD8F-320AC308A139}.Release|Any CPU.ActiveCfg = Release|Any CPU
		{CEFD9EFB-A96A-4FA7-BD8F-320AC308A139}.Release|Any CPU.Build.0 = Release|Any CPU
		{CEFD9EFB-A96A-4FA7-BD8F-320AC308A139}.Release|x64.ActiveCfg = Release|Any CPU
		{CEFD9EFB-A96A-4FA7-BD8F-320AC308A139}.Release|x64.Build.0 = Release|Any CPU
		{CEFD9EFB-A96A-4FA7-BD8F-320AC308A139}.Release|x86.ActiveCfg = Release|Any CPU
		{CEFD9EFB-A96A-4FA7-BD8F-320AC308A139}.Release|x86.Build.0 = Release|Any CPU
		{8905CB5F-931E-40B6-9579-D2570CF12115}.Debug|Any CPU.ActiveCfg = Debug|Any CPU
		{8905CB5F-931E-40B6-9579-D2570CF12115}.Debug|Any CPU.Build.0 = Debug|Any CPU
		{8905CB5F-931E-40B6-9579-D2570CF12115}.Debug|x64.ActiveCfg = Debug|Any CPU
		{8905CB5F-931E-40B6-9579-D2570CF12115}.Debug|x64.Build.0 = Debug|Any CPU
		{8905CB5F-931E-40B6-9579-D2570CF12115}.Debug|x86.ActiveCfg = Debug|Any CPU
		{8905CB5F-931E-40B6-9579-D2570CF12115}.Debug|x86.Build.0 = Debug|Any CPU
		{8905CB5F-931E-40B6-9579-D2570CF12115}.Release|Any CPU.ActiveCfg = Release|Any CPU
		{8905CB5F-931E-40B6-9579-D2570CF12115}.Release|Any CPU.Build.0 = Release|Any CPU
		{8905CB5F-931E-40B6-9579-D2570CF12115}.Release|x64.ActiveCfg = Release|Any CPU
		{8905CB5F-931E-40B6-9579-D2570CF12115}.Release|x64.Build.0 = Release|Any CPU
		{8905CB5F-931E-40B6-9579-D2570CF12115}.Release|x86.ActiveCfg = Release|Any CPU
		{8905CB5F-931E-40B6-9579-D2570CF12115}.Release|x86.Build.0 = Release|Any CPU
		{2ABD5F29-1F9B-4092-9974-6D7AAB80CADF}.Debug|Any CPU.ActiveCfg = Debug|Any CPU
		{2ABD5F29-1F9B-4092-9974-6D7AAB80CADF}.Debug|Any CPU.Build.0 = Debug|Any CPU
		{2ABD5F29-1F9B-4092-9974-6D7AAB80CADF}.Debug|x64.ActiveCfg = Debug|Any CPU
		{2ABD5F29-1F9B-4092-9974-6D7AAB80CADF}.Debug|x64.Build.0 = Debug|Any CPU
		{2ABD5F29-1F9B-4092-9974-6D7AAB80CADF}.Debug|x86.ActiveCfg = Debug|Any CPU
		{2ABD5F29-1F9B-4092-9974-6D7AAB80CADF}.Debug|x86.Build.0 = Debug|Any CPU
		{2ABD5F29-1F9B-4092-9974-6D7AAB80CADF}.Release|Any CPU.ActiveCfg = Release|Any CPU
		{2ABD5F29-1F9B-4092-9974-6D7AAB80CADF}.Release|Any CPU.Build.0 = Release|Any CPU
		{2ABD5F29-1F9B-4092-9974-6D7AAB80CADF}.Release|x64.ActiveCfg = Release|Any CPU
		{2ABD5F29-1F9B-4092-9974-6D7AAB80CADF}.Release|x64.Build.0 = Release|Any CPU
		{2ABD5F29-1F9B-4092-9974-6D7AAB80CADF}.Release|x86.ActiveCfg = Release|Any CPU
		{2ABD5F29-1F9B-4092-9974-6D7AAB80CADF}.Release|x86.Build.0 = Release|Any CPU
		{22DA791F-555C-4FFB-AE76-F56735E9E31C}.Debug|Any CPU.ActiveCfg = Debug|Any CPU
		{22DA791F-555C-4FFB-AE76-F56735E9E31C}.Debug|Any CPU.Build.0 = Debug|Any CPU
		{22DA791F-555C-4FFB-AE76-F56735E9E31C}.Debug|x64.ActiveCfg = Debug|Any CPU
		{22DA791F-555C-4FFB-AE76-F56735E9E31C}.Debug|x64.Build.0 = Debug|Any CPU
		{22DA791F-555C-4FFB-AE76-F56735E9E31C}.Debug|x86.ActiveCfg = Debug|Any CPU
		{22DA791F-555C-4FFB-AE76-F56735E9E31C}.Debug|x86.Build.0 = Debug|Any CPU
		{22DA791F-555C-4FFB-AE76-F56735E9E31C}.Release|Any CPU.ActiveCfg = Release|Any CPU
		{22DA791F-555C-4FFB-AE76-F56735E9E31C}.Release|Any CPU.Build.0 = Release|Any CPU
		{22DA791F-555C-4FFB-AE76-F56735E9E31C}.Release|x64.ActiveCfg = Release|Any CPU
		{22DA791F-555C-4FFB-AE76-F56735E9E31C}.Release|x64.Build.0 = Release|Any CPU
		{22DA791F-555C-4FFB-AE76-F56735E9E31C}.Release|x86.ActiveCfg = Release|Any CPU
		{22DA791F-555C-4FFB-AE76-F56735E9E31C}.Release|x86.Build.0 = Release|Any CPU
	EndGlobalSection
	GlobalSection(SolutionProperties) = preSolution
		HideSolutionNode = FALSE
	EndGlobalSection
	GlobalSection(ExtensibilityGlobals) = postSolution
		SolutionGuid = {478A658E-4374-4EB5-BA29-EAC63B6074B8}
	EndGlobalSection
EndGlobal
